// !$*UTF8*$!
{
	archiveVersion = 1;
	classes = {
	};
	objectVersion = 46;
	objects = {

/* Begin PBXBuildFile section */
		D1319C8B1E25C4F1007D2FF9 /* AppDelegate.swift in Sources */ = {isa = PBXBuildFile; fileRef = D1319C8A1E25C4F1007D2FF9 /* AppDelegate.swift */; };
		D1319C8D1E25C4F1007D2FF9 /* ViewController.swift in Sources */ = {isa = PBXBuildFile; fileRef = D1319C8C1E25C4F1007D2FF9 /* ViewController.swift */; };
		D1319C901E25C4F1007D2FF9 /* Main.storyboard in Resources */ = {isa = PBXBuildFile; fileRef = D1319C8E1E25C4F1007D2FF9 /* Main.storyboard */; };
		D1319C921E25C4F1007D2FF9 /* Assets.xcassets in Resources */ = {isa = PBXBuildFile; fileRef = D1319C911E25C4F1007D2FF9 /* Assets.xcassets */; };
		D1319C951E25C4F1007D2FF9 /* LaunchScreen.storyboard in Resources */ = {isa = PBXBuildFile; fileRef = D1319C931E25C4F1007D2FF9 /* LaunchScreen.storyboard */; };
		D1319CA01E25C4F1007D2FF9 /* You_Are_Awesome_Tests.swift in Sources */ = {isa = PBXBuildFile; fileRef = D1319C9F1E25C4F1007D2FF9 /* You_Are_Awesome_Tests.swift */; };
/* End PBXBuildFile section */

/* Begin PBXContainerItemProxy section */
		D1319C9C1E25C4F1007D2FF9 /* PBXContainerItemProxy */ = {
			isa = PBXContainerItemProxy;
			containerPortal = D1319C7F1E25C4F0007D2FF9 /* Project object */;
			proxyType = 1;
			remoteGlobalIDString = D1319C861E25C4F1007D2FF9;
			remoteInfo = "You Are Awesome!";
		};
/* End PBXContainerItemProxy section */

/* Begin PBXFileReference section */
		D1319C871E25C4F1007D2FF9 /* You Are Awesome!.app */ = {isa = PBXFileReference; explicitFileType = wrapper.application; includeInIndex = 0; path = "You Are Awesome!.app"; sourceTree = BUILT_PRODUCTS_DIR; };
		D1319C8A1E25C4F1007D2FF9 /* AppDelegate.swift */ = {isa = PBXFileReference; lastKnownFileType = sourcecode.swift; path = AppDelegate.swift; sourceTree = "<group>"; };
		D1319C8C1E25C4F1007D2FF9 /* ViewController.swift */ = {isa = PBXFileReference; lastKnownFileType = sourcecode.swift; path = ViewController.swift; sourceTree = "<group>"; };
		D1319C8F1E25C4F1007D2FF9 /* Base */ = {isa = PBXFileReference; lastKnownFileType = file.storyboard; name = Base; path = Base.lproj/Main.storyboard; sourceTree = "<group>"; };
		D1319C911E25C4F1007D2FF9 /* Assets.xcassets */ = {isa = PBXFileReference; lastKnownFileType = folder.assetcatalog; path = Assets.xcassets; sourceTree = "<group>"; };
		D1319C941E25C4F1007D2FF9 /* Base */ = {isa = PBXFileReference; lastKnownFileType = file.storyboard; name = Base; path = Base.lproj/LaunchScreen.storyboard; sourceTree = "<group>"; };
		D1319C961E25C4F1007D2FF9 /* Info.plist */ = {isa = PBXFileReference; lastKnownFileType = text.plist.xml; path = Info.plist; sourceTree = "<group>"; };
		D1319C9B1E25C4F1007D2FF9 /* You Are Awesome!Tests.xctest */ = {isa = PBXFileReference; explicitFileType = wrapper.cfbundle; includeInIndex = 0; path = "You Are Awesome!Tests.xctest"; sourceTree = BUILT_PRODUCTS_DIR; };
		D1319C9F1E25C4F1007D2FF9 /* You_Are_Awesome_Tests.swift */ = {isa = PBXFileReference; lastKnownFileType = sourcecode.swift; path = You_Are_Awesome_Tests.swift; sourceTree = "<group>"; };
		D1319CA11E25C4F1007D2FF9 /* Info.plist */ = {isa = PBXFileReference; lastKnownFileType = text.plist.xml; path = Info.plist; sourceTree = "<group>"; };
/* End PBXFileReference section */

/* Begin PBXFrameworksBuildPhase section */
		D1319C841E25C4F1007D2FF9 /* Frameworks */ = {
			isa = PBXFrameworksBuildPhase;
			buildActionMask = 2147483647;
			files = (
			);
			runOnlyForDeploymentPostprocessing = 0;
		};
		D1319C981E25C4F1007D2FF9 /* Frameworks */ = {
			isa = PBXFrameworksBuildPhase;
			buildActionMask = 2147483647;
			files = (
			);
			runOnlyForDeploymentPostprocessing = 0;
		};
/* End PBXFrameworksBuildPhase section */

/* Begin PBXGroup section */
		D1319C7E1E25C4F0007D2FF9 = {
			isa = PBXGroup;
			children = (
				D1319C891E25C4F1007D2FF9 /* You Are Awesome! */,
				D1319C9E1E25C4F1007D2FF9 /* You Are Awesome!Tests */,
				D1319C881E25C4F1007D2FF9 /* Products */,
			);
			sourceTree = "<group>";
		};
		D1319C881E25C4F1007D2FF9 /* Products */ = {
			isa = PBXGroup;
			children = (
				D1319C871E25C4F1007D2FF9 /* You Are Awesome!.app */,
				D1319C9B1E25C4F1007D2FF9 /* You Are Awesome!Tests.xctest */,
			);
			name = Products;
			sourceTree = "<group>";
		};
		D1319C891E25C4F1007D2FF9 /* You Are Awesome! */ = {
			isa = PBXGroup;
			children = (
				D1319C8A1E25C4F1007D2FF9 /* AppDelegate.swift */,
				D1319C8C1E25C4F1007D2FF9 /* ViewController.swift */,
				D1319C8E1E25C4F1007D2FF9 /* Main.storyboard */,
				D1319C911E25C4F1007D2FF9 /* Assets.xcassets */,
				D1319C931E25C4F1007D2FF9 /* LaunchScreen.storyboard */,
				D1319C961E25C4F1007D2FF9 /* Info.plist */,
			);
			path = "You Are Awesome!";
			sourceTree = "<group>";
		};
		D1319C9E1E25C4F1007D2FF9 /* You Are Awesome!Tests */ = {
			isa = PBXGroup;
			children = (
				D1319C9F1E25C4F1007D2FF9 /* You_Are_Awesome_Tests.swift */,
				D1319CA11E25C4F1007D2FF9 /* Info.plist */,
			);
			path = "You Are Awesome!Tests";
			sourceTree = "<group>";
		};
/* End PBXGroup section */

/* Begin PBXNativeTarget section */
		D1319C861E25C4F1007D2FF9 /* You Are Awesome! */ = {
			isa = PBXNativeTarget;
			buildConfigurationList = D1319CA41E25C4F1007D2FF9 /* Build configuration list for PBXNativeTarget "You Are Awesome!" */;
			buildPhases = (
				D1319C831E25C4F1007D2FF9 /* Sources */,
				D1319C841E25C4F1007D2FF9 /* Frameworks */,
				D1319C851E25C4F1007D2FF9 /* Resources */,
			);
			buildRules = (
			);
			dependencies = (
			);
			name = "You Are Awesome!";
			productName = "You Are Awesome!";
			productReference = D1319C871E25C4F1007D2FF9 /* You Are Awesome!.app */;
			productType = "com.apple.product-type.application";
		};
		D1319C9A1E25C4F1007D2FF9 /* You Are Awesome!Tests */ = {
			isa = PBXNativeTarget;
			buildConfigurationList = D1319CA71E25C4F1007D2FF9 /* Build configuration list for PBXNativeTarget "You Are Awesome!Tests" */;
			buildPhases = (
				D1319C971E25C4F1007D2FF9 /* Sources */,
				D1319C981E25C4F1007D2FF9 /* Frameworks */,
				D1319C991E25C4F1007D2FF9 /* Resources */,
			);
			buildRules = (
			);
			dependencies = (
				D1319C9D1E25C4F1007D2FF9 /* PBXTargetDependency */,
			);
			name = "You Are Awesome!Tests";
			productName = "You Are Awesome!Tests";
			productReference = D1319C9B1E25C4F1007D2FF9 /* You Are Awesome!Tests.xctest */;
			productType = "com.apple.product-type.bundle.unit-test";
		};
/* End PBXNativeTarget section */

/* Begin PBXProject section */
		D1319C7F1E25C4F0007D2FF9 /* Project object */ = {
			isa = PBXProject;
			attributes = {
				LastSwiftUpdateCheck = 0810;
				LastUpgradeCheck = 0820;
				ORGANIZATIONNAME = "Michael Barrett";
				TargetAttributes = {
					D1319C861E25C4F1007D2FF9 = {
						CreatedOnToolsVersion = 8.1;
						DevelopmentTeam = 6MCTLT58A2;
						ProvisioningStyle = Automatic;
					};
					D1319C9A1E25C4F1007D2FF9 = {
						CreatedOnToolsVersion = 8.1;
						ProvisioningStyle = Automatic;
						TestTargetID = D1319C861E25C4F1007D2FF9;
					};
				};
			};
			buildConfigurationList = D1319C821E25C4F0007D2FF9 /* Build configuration list for PBXProject "You Are Awesome!" */;
			compatibilityVersion = "Xcode 3.2";
			developmentRegion = English;
			hasScannedForEncodings = 0;
			knownRegions = (
				en,
				Base,
			);
			mainGroup = D1319C7E1E25C4F0007D2FF9;
			productRefGroup = D1319C881E25C4F1007D2FF9 /* Products */;
			projectDirPath = "";
			projectRoot = "";
			targets = (
				D1319C861E25C4F1007D2FF9 /* You Are Awesome! */,
				D1319C9A1E25C4F1007D2FF9 /* You Are Awesome!Tests */,
			);
		};
/* End PBXProject section */

/* Begin PBXResourcesBuildPhase section */
		D1319C851E25C4F1007D2FF9 /* Resources */ = {
			isa = PBXResourcesBuildPhase;
			buildActionMask = 2147483647;
			files = (
				D1319C951E25C4F1007D2FF9 /* LaunchScreen.storyboard in Resources */,
				D1319C921E25C4F1007D2FF9 /* Assets.xcassets in Resources */,
				D1319C901E25C4F1007D2FF9 /* Main.storyboard in Resources */,
			);
			runOnlyForDeploymentPostprocessing = 0;
		};
		D1319C991E25C4F1007D2FF9 /* Resources */ = {
			isa = PBXResourcesBuildPhase;
			buildActionMask = 2147483647;
			files = (
			);
			runOnlyForDeploymentPostprocessing = 0;
		};
/* End PBXResourcesBuildPhase section */

/* Begin PBXSourcesBuildPhase section */
		D1319C831E25C4F1007D2FF9 /* Sources */ = {
			isa = PBXSourcesBuildPhase;
			buildActionMask = 2147483647;
			files = (
				D1319C8D1E25C4F1007D2FF9 /* ViewController.swift in Sources */,
				D1319C8B1E25C4F1007D2FF9 /* AppDelegate.swift in Sources */,
			);
			runOnlyForDeploymentPostprocessing = 0;
		};
		D1319C971E25C4F1007D2FF9 /* Sources */ = {
			isa = PBXSourcesBuildPhase;
			buildActionMask = 2147483647;
			files = (
				D1319CA01E25C4F1007D2FF9 /* You_Are_Awesome_Tests.swift in Sources */,
			);
			runOnlyForDeploymentPostprocessing = 0;
		};
/* End PBXSourcesBuildPhase section */

/* Begin PBXTargetDependency section */
		D1319C9D1E25C4F1007D2FF9 /* PBXTargetDependency */ = {
			isa = PBXTargetDependency;
			target = D1319C861E25C4F1007D2FF9 /* You Are Awesome! */;
			targetProxy = D1319C9C1E25C4F1007D2FF9 /* PBXContainerItemProxy */;
		};
/* End PBXTargetDependency section */

/* Begin PBXVariantGroup section */
		D1319C8E1E25C4F1007D2FF9 /* Main.storyboard */ = {
			isa = PBXVariantGroup;
			children = (
				D1319C8F1E25C4F1007D2FF9 /* Base */,
			);
			name = Main.storyboard;
			sourceTree = "<group>";
		};
		D1319C931E25C4F1007D2FF9 /* LaunchScreen.storyboard */ = {
			isa = PBXVariantGroup;
			children = (
				D1319C941E25C4F1007D2FF9 /* Base */,
			);
			name = LaunchScreen.storyboard;
			sourceTree = "<group>";
		};
/* End PBXVariantGroup section */

/* Begin XCBuildConfiguration section */
		D1319CA21E25C4F1007D2FF9 /* Debug */ = {
			isa = XCBuildConfiguration;
			buildSettings = {
				ALWAYS_SEARCH_USER_PATHS = NO;
				CLANG_ANALYZER_NONNULL = YES;
				CLANG_CXX_LANGUAGE_STANDARD = "gnu++0x";
				CLANG_CXX_LIBRARY = "libc++";
				CLANG_ENABLE_MODULES = YES;
				CLANG_ENABLE_OBJC_ARC = YES;
				CLANG_WARN_BOOL_CONVERSION = YES;
				CLANG_WARN_CONSTANT_CONVERSION = YES;
				CLANG_WARN_DIRECT_OBJC_ISA_USAGE = YES_ERROR;
				CLANG_WARN_DOCUMENTATION_COMMENTS = YES;
				CLANG_WARN_EMPTY_BODY = YES;
				CLANG_WARN_ENUM_CONVERSION = YES;
				CLANG_WARN_INFINITE_RECURSION = YES;
				CLANG_WARN_INT_CONVERSION = YES;
				CLANG_WARN_OBJC_ROOT_CLASS = YES_ERROR;
				CLANG_WARN_SUSPICIOUS_MOVE = YES;
				CLANG_WARN_SUSPICIOUS_MOVES = YES;
				CLANG_WARN_UNREACHABLE_CODE = YES;
				CLANG_WARN__DUPLICATE_METHOD_MATCH = YES;
				"CODE_SIGN_IDENTITY[sdk=iphoneos*]" = "iPhone Developer";
				COPY_PHASE_STRIP = NO;
				DEBUG_INFORMATION_FORMAT = dwarf;
				ENABLE_STRICT_OBJC_MSGSEND = YES;
				ENABLE_TESTABILITY = YES;
				GCC_C_LANGUAGE_STANDARD = gnu99;
				GCC_DYNAMIC_NO_PIC = NO;
				GCC_NO_COMMON_BLOCKS = YES;
				GCC_OPTIMIZATION_LEVEL = 0;
				GCC_PREPROCESSOR_DEFINITIONS = (
					"DEBUG=1",
					"$(inherited)",
				);
				GCC_WARN_64_TO_32_BIT_CONVERSION = YES;
				GCC_WARN_ABOUT_RETURN_TYPE = YES_ERROR;
				GCC_WARN_UNDECLARED_SELECTOR = YES;
				GCC_WARN_UNINITIALIZED_AUTOS = YES_AGGRESSIVE;
				GCC_WARN_UNUSED_FUNCTION = YES;
				GCC_WARN_UNUSED_VARIABLE = YES;
				IPHONEOS_DEPLOYMENT_TARGET = 10.1;
				MTL_ENABLE_DEBUG_INFO = YES;
				ONLY_ACTIVE_ARCH = YES;
				SDKROOT = iphoneos;
				SWIFT_ACTIVE_COMPILATION_CONDITIONS = DEBUG;
				SWIFT_OPTIMIZATION_LEVEL = "-Onone";
				TARGETED_DEVICE_FAMILY = "1,2";
			};
			name = Debug;
		};
		D1319CA31E25C4F1007D2FF9 /* Release */ = {
			isa = XCBuildConfiguration;
			buildSettings = {
				ALWAYS_SEARCH_USER_PATHS = NO;
				CLANG_ANALYZER_NONNULL = YES;
				CLANG_CXX_LANGUAGE_STANDARD = "gnu++0x";
				CLANG_CXX_LIBRARY = "libc++";
				CLANG_ENABLE_MODULES = YES;
				CLANG_ENABLE_OBJC_ARC = YES;
				CLANG_WARN_BOOL_CONVERSION = YES;
				CLANG_WARN_CONSTANT_CONVERSION = YES;
				CLANG_WARN_DIRECT_OBJC_ISA_USAGE = YES_ERROR;
				CLANG_WARN_DOCUMENTATION_COMMENTS = YES;
				CLANG_WARN_EMPTY_BODY = YES;
				CLANG_WARN_ENUM_CONVERSION = YES;
				CLANG_WARN_INFINITE_RECURSION = YES;
				CLANG_WARN_INT_CONVERSION = YES;
				CLANG_WARN_OBJC_ROOT_CLASS = YES_ERROR;
				CLANG_WARN_SUSPICIOUS_MOVE = YES;
				CLANG_WARN_SUSPICIOUS_MOVES = YES;
				CLANG_WARN_UNREACHABLE_CODE = YES;
				CLANG_WARN__DUPLICATE_METHOD_MATCH = YES;
				"CODE_SIGN_IDENTITY[sdk=iphoneos*]" = "iPhone Developer";
				COPY_PHASE_STRIP = NO;
				DEBUG_INFORMATION_FORMAT = "dwarf-with-dsym";
				ENABLE_NS_ASSERTIONS = NO;
				ENABLE_STRICT_OBJC_MSGSEND = YES;
				GCC_C_LANGUAGE_STANDARD = gnu99;
				GCC_NO_COMMON_BLOCKS = YES;
				GCC_WARN_64_TO_32_BIT_CONVERSION = YES;
				GCC_WARN_ABOUT_RETURN_TYPE = YES_ERROR;
				GCC_WARN_UNDECLARED_SELECTOR = YES;
				GCC_WARN_UNINITIALIZED_AUTOS = YES_AGGRESSIVE;
				GCC_WARN_UNUSED_FUNCTION = YES;
				GCC_WARN_UNUSED_VARIABLE = YES;
				IPHONEOS_DEPLOYMENT_TARGET = 10.1;
				MTL_ENABLE_DEBUG_INFO = NO;
				SDKROOT = iphoneos;
				SWIFT_OPTIMIZATION_LEVEL = "-Owholemodule";
				TARGETED_DEVICE_FAMILY = "1,2";
				VALIDATE_PRODUCT = YES;
			};
			name = Release;
		};
		D1319CA51E25C4F1007D2FF9 /* Debug */ = {
			isa = XCBuildConfiguration;
			buildSettings = {
				ASSETCATALOG_COMPILER_APPICON_NAME = AppIcon;
				DEVELOPMENT_TEAM = 6MCTLT58A2;
				INFOPLIST_FILE = "You Are Awesome!/Info.plist";
				IPHONEOS_DEPLOYMENT_TARGET = 9.0;
				LD_RUNPATH_SEARCH_PATHS = "$(inherited) @executable_path/Frameworks";
				PRODUCT_BUNDLE_IDENTIFIER = "com.barrett.You-Are-Awesome-";
				PRODUCT_NAME = "$(TARGET_NAME)";
				SWIFT_VERSION = 3.0;
			};
			name = Debug;
		};
		D1319CA61E25C4F1007D2FF9 /* Release */ = {
			isa = XCBuildConfiguration;
			buildSettings = {
				ASSETCATALOG_COMPILER_APPICON_NAME = AppIcon;
				DEVELOPMENT_TEAM = 6MCTLT58A2;
				INFOPLIST_FILE = "You Are Awesome!/Info.plist";
				IPHONEOS_DEPLOYMENT_TARGET = 9.0;
				LD_RUNPATH_SEARCH_PATHS = "$(inherited) @executable_path/Frameworks";
				PRODUCT_BUNDLE_IDENTIFIER = "com.barrett.You-Are-Awesome-";
				PRODUCT_NAME = "$(TARGET_NAME)";
				SWIFT_VERSION = 3.0;
			};
			name = Release;
		};
		D1319CA81E25C4F1007D2FF9 /* Debug */ = {
			isa = XCBuildConfiguration;
			buildSettings = {
				ALWAYS_EMBED_SWIFT_STANDARD_LIBRARIES = YES;
				BUNDLE_LOADER = "$(TEST_HOST)";
				INFOPLIST_FILE = "You Are Awesome!Tests/Info.plist";
				LD_RUNPATH_SEARCH_PATHS = "$(inherited) @executable_path/Frameworks @loader_path/Frameworks";
				PRODUCT_BUNDLE_IDENTIFIER = "com.barrett.You-Are-Awesome-Tests";
				PRODUCT_NAME = "$(TARGET_NAME)";
				SWIFT_VERSION = 3.0;
				TEST_HOST = "$(BUILT_PRODUCTS_DIR)/You Are Awesome!.app/You Are Awesome!";
			};
			name = Debug;
		};
		D1319CA91E25C4F1007D2FF9 /* Release */ = {
			isa = XCBuildConfiguration;
			buildSettings = {
				ALWAYS_EMBED_SWIFT_STANDARD_LIBRARIES = YES;
				BUNDLE_LOADER = "$(TEST_HOST)";
				INFOPLIST_FILE = "You Are Awesome!Tests/Info.plist";
				LD_RUNPATH_SEARCH_PATHS = "$(inherited) @executable_path/Frameworks @loader_path/Frameworks";
				PRODUCT_BUNDLE_IDENTIFIER = "com.barrett.You-Are-Awesome-Tests";
				PRODUCT_NAME = "$(TARGET_NAME)";
				SWIFT_VERSION = 3.0;
				TEST_HOST = "$(BUILT_PRODUCTS_DIR)/You Are Awesome!.app/You Are Awesome!";
			};
			name = Release;
		};
/* End XCBuildConfiguration section */

/* Begin XCConfigurationList section */
		D1319C821E25C4F0007D2FF9 /* Build configuration list for PBXProject "You Are Awesome!" */ = {
			isa = XCConfigurationList;
			buildConfigurations = (
				D1319CA21E25C4F1007D2FF9 /* Debug */,
				D1319CA31E25C4F1007D2FF9 /* Release */,
			);
			defaultConfigurationIsVisible = 0;
			defaultConfigurationName = Release;
		};
		D1319CA41E25C4F1007D2FF9 /* Build configuration list for PBXNativeTarget "You Are Awesome!" */ = {
			isa = XCConfigurationList;
			buildConfigurations = (
				D1319CA51E25C4F1007D2FF9 /* Debug */,
				D1319CA61E25C4F1007D2FF9 /* Release */,
			);
			defaultConfigurationIsVisible = 0;
			defaultConfigurationName = Release;
		};
		D1319CA71E25C4F1007D2FF9 /* Build configuration list for PBXNativeTarget "You Are Awesome!Tests" */ = {
			isa = XCConfigurationList;
			buildConfigurations = (
				D1319CA81E25C4F1007D2FF9 /* Debug */,
				D1319CA91E25C4F1007D2FF9 /* Release */,
			);
			defaultConfigurationIsVisible = 0;
			defaultConfigurationName = Release;
		};
/* End XCConfigurationList section */
	};
	rootObject = D1319C7F1E25C4F0007D2FF9 /* Project object */;
}
